# THIS IS AN AUTOGENERATED FILE. DO NOT EDIT THIS FILE DIRECTLY.
# yarn lockfile v1


asap@~2.0.3:
  version "2.0.5"
  resolved "https://registry.npmjs.org/asap/-/asap-2.0.5.tgz#522765b50c3510490e52d7dcfe085ef9ba96958f"

core-js@^1.0.0:
  version "1.2.7"
  resolved "https://registry.npmjs.org/core-js/-/core-js-1.2.7.tgz#652294c14651db28fa93bd2d5ff2983a4f08c636"

encoding@^0.1.11:
  version "0.1.12"
  resolved "https://registry.npmjs.org/encoding/-/encoding-0.1.12.tgz#538b66f3ee62cd1ab51ec323829d1f9480c74beb"
  dependencies:
    iconv-lite "~0.4.13"

fbjs@^0.8.1, fbjs@^0.8.4:
  version "0.8.11"
  resolved "https://registry.npmjs.org/fbjs/-/fbjs-0.8.11.tgz#340b590b8a2278a01ef7467c07a16da9b753db24"
  dependencies:
    core-js "^1.0.0"
    isomorphic-fetch "^2.1.1"
    loose-envify "^1.0.0"
    object-assign "^4.1.0"
    promise "^7.1.1"
    setimmediate "^1.0.5"
    ua-parser-js "^0.7.9"

history@^4.6.0:
  version "4.6.1"
  resolved "https://registry.npmjs.org/history/-/history-4.6.1.tgz#911cf8eb65728555a94f2b12780a0c531a14d2fd"
  dependencies:
    invariant "^2.2.1"
    loose-envify "^1.2.0"
    resolve-pathname "^2.0.0"
    value-equal "^0.2.0"
    warning "^3.0.0"

hoist-non-react-statics@^1.2.0:
  version "1.2.0"
  resolved "https://registry.npmjs.org/hoist-non-react-statics/-/hoist-non-react-statics-1.2.0.tgz#aa448cf0986d55cc40773b17174b7dd066cb7cfb"

iconv-lite@~0.4.13:
  version "0.4.15"
  resolved "https://registry.npmjs.org/iconv-lite/-/iconv-lite-0.4.15.tgz#fe265a218ac6a57cfe854927e9d04c19825eddeb"

invariant@^2.2.1, invariant@^2.2.2:
  version "2.2.2"
  resolved "https://registry.npmjs.org/invariant/-/invariant-2.2.2.tgz#9e1f56ac0acdb6bf303306f338be3b204ae60360"
  dependencies:
    loose-envify "^1.0.0"

is-stream@^1.0.1:
  version "1.1.0"
  resolved "https://registry.npmjs.org/is-stream/-/is-stream-1.1.0.tgz#12d4a3dd4e68e0b79ceb8dbc84173ae80d91ca44"

isarray@0.0.1:
  version "0.0.1"
  resolved "https://registry.npmjs.org/isarray/-/isarray-0.0.1.tgz#8a18acfca9a8f4177e09abfc6038939b05d1eedf"

isomorphic-fetch@^2.1.1:
  version "2.2.1"
  resolved "https://registry.npmjs.org/isomorphic-fetch/-/isomorphic-fetch-2.2.1.tgz#611ae1acf14f5e81f729507472819fe9733558a9"
  dependencies:
    node-fetch "^1.0.1"
    whatwg-fetch ">=0.10.0"

js-tokens@^3.0.0:
  version "3.0.1"
  resolved "https://registry.npmjs.org/js-tokens/-/js-tokens-3.0.1.tgz#08e9f132484a2c45a30907e9dc4d5567b7f114d7"

loose-envify@^1.0.0, loose-envify@^1.1.0, loose-envify@^1.2.0, loose-envify@^1.3.1:
  version "1.3.1"
  resolved "https://registry.npmjs.org/loose-envify/-/loose-envify-1.3.1.tgz#d1a8ad33fa9ce0e713d65fdd0ac8b748d478c848"
  dependencies:
    js-tokens "^3.0.0"

mobx-react@^4.1.3:
  version "4.1.3"
  resolved "https://registry.npmjs.org/mobx-react/-/mobx-react-4.1.3.tgz#8074a0d06f1211177fd6f2cc4091b106e03d4b89"
  dependencies:
    hoist-non-react-statics "^1.2.0"

mobx@^3.1.7:
  version "3.1.7"
  resolved "https://registry.npmjs.org/mobx/-/mobx-3.1.7.tgz#910c01f6e2f7e88ec47baabefee5fe667d37ac00"

node-fetch@^1.0.1:
  version "1.6.3"
  resolved "https://registry.npmjs.org/node-fetch/-/node-fetch-1.6.3.tgz#dc234edd6489982d58e8f0db4f695029abcd8c04"
  dependencies:
    encoding "^0.1.11"
    is-stream "^1.0.1"

object-assign@^4.1.0:
  version "4.1.1"
  resolved "https://registry.npmjs.org/object-assign/-/object-assign-4.1.1.tgz#2109adc7965887cfc05cbbd442cac8bfbb360863"

path-to-regexp@^1.5.3:
  version "1.7.0"
  resolved "https://registry.npmjs.org/path-to-regexp/-/path-to-regexp-1.7.0.tgz#59fde0f435badacba103a84e9d3bc64e96b9937d"
  dependencies:
    isarray "0.0.1"

promise@^7.1.1:
  version "7.1.1"
  resolved "https://registry.npmjs.org/promise/-/promise-7.1.1.tgz#489654c692616b8aa55b0724fa809bb7db49c5bf"
  dependencies:
    asap "~2.0.3"

react-dom@^15.4.2:
  version "15.4.2"
  resolved "https://registry.npmjs.org/react-dom/-/react-dom-15.4.2.tgz#015363f05b0a1fd52ae9efdd3a0060d90695208f"
  dependencies:
    fbjs "^0.8.1"
    loose-envify "^1.1.0"
    object-assign "^4.1.0"

react-router@^4.0.0:
  version "4.0.0"
  resolved "https://registry.npmjs.org/react-router/-/react-router-4.0.0.tgz#6532075231f0bb5077c2005c1d417ad6165b3997"
  dependencies:
    history "^4.6.0"
    invariant "^2.2.2"
    loose-envify "^1.3.1"
    path-to-regexp "^1.5.3"
    warning "^3.0.0"

react@^15.4.2:
  version "15.4.2"
  resolved "https://registry.npmjs.org/react/-/react-15.4.2.tgz#41f7991b26185392ba9bae96c8889e7e018397ef"
  dependencies:
    fbjs "^0.8.4"
    loose-envify "^1.1.0"
    object-assign "^4.1.0"

resolve-pathname@^2.0.0:
  version "2.0.2"
  resolved "https://registry.npmjs.org/resolve-pathname/-/resolve-pathname-2.0.2.tgz#e55c016eb2e9df1de98e85002282bfb38c630436"

setimmediate@^1.0.5:
  version "1.0.5"
  resolved "https://registry.npmjs.org/setimmediate/-/setimmediate-1.0.5.tgz#290cbb232e306942d7d7ea9b83732ab7856f8285"

typescript@^2.2.1:
  version "2.2.1"
  resolved "https://registry.npmjs.org/typescript/-/typescript-2.2.1.tgz#4862b662b988a4c8ff691cc7969622d24db76ae9"

ua-parser-js@^0.7.9:
  version "0.7.12"
  resolved "https://registry.npmjs.org/ua-parser-js/-/ua-parser-js-0.7.12.tgz#04c81a99bdd5dc52263ea29d24c6bf8d4818a4bb"

value-equal@^0.2.0:
  version "0.2.0"
  resolved "https://registry.npmjs.org/value-equal/-/value-equal-0.2.0.tgz#4f41c60a3fc011139a2ec3d3340a8998ae8b69c0"

warning@^3.0.0:
  version "3.0.0"
  resolved "https://registry.npmjs.org/warning/-/warning-3.0.0.tgz#32e5377cb572de4ab04753bdf8821c01ed605b7c"
  dependencies:
    loose-envify "^1.0.0"

whatwg-fetch@>=0.10.0:
  version "2.0.3"
  resolved "https://registry.npmjs.org/whatwg-fetch/-/whatwg-fetch-2.0.3.tgz#9c84ec2dcf68187ff00bc64e1274b442176e1c84"
